// !$*UTF8*$!
{
	archiveVersion = 1;
	classes = {
	};
	objectVersion = 50;
	objects = {

/* Begin PBXBuildFile section */
		52372713236ABA5000C8928D /* AppDelegate.m in Sources */ = {isa = PBXBuildFile; fileRef = 52372712236ABA5000C8928D /* AppDelegate.m */; };
		52372716236ABA5000C8928D /* SceneDelegate.m in Sources */ = {isa = PBXBuildFile; fileRef = 52372715236ABA5000C8928D /* SceneDelegate.m */; };
		52372719236ABA5000C8928D /* ViewController.m in Sources */ = {isa = PBXBuildFile; fileRef = 52372718236ABA5000C8928D /* ViewController.m */; };
		5237271C236ABA5000C8928D /* Main.storyboard in Resources */ = {isa = PBXBuildFile; fileRef = 5237271A236ABA5000C8928D /* Main.storyboard */; };
		5237271E236ABA5200C8928D /* Assets.xcassets in Resources */ = {isa = PBXBuildFile; fileRef = 5237271D236ABA5200C8928D /* Assets.xcassets */; };
		52372721236ABA5200C8928D /* LaunchScreen.storyboard in Resources */ = {isa = PBXBuildFile; fileRef = 5237271F236ABA5200C8928D /* LaunchScreen.storyboard */; };
		52372724236ABA5200C8928D /* main.m in Sources */ = {isa = PBXBuildFile; fileRef = 52372723236ABA5200C8928D /* main.m */; };
/* End PBXBuildFile section */

/* Begin PBXFileReference section */
		5237270E236ABA5000C8928D /* RadiusShadowDemo.app */ = {isa = PBXFileReference; explicitFileType = wrapper.application; includeInIndex = 0; path = RadiusShadowDemo.app; sourceTree = BUILT_PRODUCTS_DIR; };
		52372711236ABA5000C8928D /* AppDelegate.h */ = {isa = PBXFileReference; lastKnownFileType = sourcecode.c.h; path = AppDelegate.h; sourceTree = "<group>"; };
		52372712236ABA5000C8928D /* AppDelegate.m */ = {isa = PBXFileReference; lastKnownFileType = sourcecode.c.objc; path = AppDelegate.m; sourceTree = "<group>"; };
		52372714236ABA5000C8928D /* SceneDelegate.h */ = {isa = PBXFileReference; lastKnownFileType = sourcecode.c.h; path = SceneDelegate.h; sourceTree = "<group>"; };
		52372715236ABA5000C8928D /* SceneDelegate.m */ = {isa = PBXFileReference; lastKnownFileType = sourcecode.c.objc; path = SceneDelegate.m; sourceTree = "<group>"; };
		52372717236ABA5000C8928D /* ViewController.h */ = {isa = PBXFileReference; lastKnownFileType = sourcecode.c.h; path = ViewController.h; sourceTree = "<group>"; };
		52372718236ABA5000C8928D /* ViewController.m */ = {isa = PBXFileReference; lastKnownFileType = sourcecode.c.objc; path = ViewController.m; sourceTree = "<group>"; };
		5237271B236ABA5000C8928D /* Base */ = {isa = PBXFileReference; lastKnownFileType = file.storyboard; name = Base; path = Base.lproj/Main.storyboard; sourceTree = "<group>"; };
		5237271D236ABA5200C8928D /* Assets.xcassets */ = {isa = PBXFileReference; lastKnownFileType = folder.assetcatalog; path = Assets.xcassets; sourceTree = "<group>"; };
		52372720236ABA5200C8928D /* Base */ = {isa = PBXFileReference; lastKnownFileType = file.storyboard; name = Base; path = Base.lproj/LaunchScreen.storyboard; sourceTree = "<group>"; };
		52372722236ABA5200C8928D /* Info.plist */ = {isa = PBXFileReference; lastKnownFileType = text.plist.xml; path = Info.plist; sourceTree = "<group>"; };
		52372723236ABA5200C8928D /* main.m */ = {isa = PBXFileReference; lastKnownFileType = sourcecode.c.objc; path = main.m; sourceTree = "<group>"; };
/* End PBXFileReference section */

/* Begin PBXFrameworksBuildPhase section */
		5237270B236ABA5000C8928D /* Frameworks */ = {
			isa = PBXFrameworksBuildPhase;
			buildActionMask = 2147483647;
			files = (
			);
			runOnlyForDeploymentPostprocessing = 0;
		};
/* End PBXFrameworksBuildPhase section */

/* Begin PBXGroup section */
		52372705236ABA5000C8928D = {
			isa = PBXGroup;
			children = (
				52372710236ABA5000C8928D /* RadiusShadowDemo */,
				5237270F236ABA5000C8928D /* Products */,
			);
			sourceTree = "<group>";
		};
		5237270F236ABA5000C8928D /* Products */ = {
			isa = PBXGroup;
			children = (
				5237270E236ABA5000C8928D /* RadiusShadowDemo.app */,
			);
			name = Products;
			sourceTree = "<group>";
		};
		52372710236ABA5000C8928D /* RadiusShadowDemo */ = {
			isa = PBXGroup;
			children = (
				52372711236ABA5000C8928D /* AppDelegate.h */,
				52372712236ABA5000C8928D /* AppDelegate.m */,
				52372714236ABA5000C8928D /* SceneDelegate.h */,
				52372715236ABA5000C8928D /* SceneDelegate.m */,
				52372717236ABA5000C8928D /* ViewController.h */,
				52372718236ABA5000C8928D /* ViewController.m */,
				5237271A236ABA5000C8928D /* Main.storyboard */,
				5237271D236ABA5200C8928D /* Assets.xcassets */,
				5237271F236ABA5200C8928D /* LaunchScreen.storyboard */,
				52372722236ABA5200C8928D /* Info.plist */,
				52372723236ABA5200C8928D /* main.m */,
			);
			path = RadiusShadowDemo;
			sourceTree = "<group>";
		};
/* End PBXGroup section */

/* Begin PBXNativeTarget section */
		5237270D236ABA5000C8928D /* RadiusShadowDemo */ = {
			isa = PBXNativeTarget;
			buildConfigurationList = 52372727236ABA5200C8928D /* Build configuration list for PBXNativeTarget "RadiusShadowDemo" */;
			buildPhases = (
				5237270A236ABA5000C8928D /* Sources */,
				5237270B236ABA5000C8928D /* Frameworks */,
				5237270C236ABA5000C8928D /* Resources */,
			);
			buildRules = (
			);
			dependencies = (
			);
			name = RadiusShadowDemo;
			productName = RadiusShadowDemo;
			productReference = 5237270E236ABA5000C8928D /* RadiusShadowDemo.app */;
			productType = "com.apple.product-type.application";
		};
/* End PBXNativeTarget section */

/* Begin PBXProject section */
		52372706236ABA5000C8928D /* Project object */ = {
			isa = PBXProject;
			attributes = {
				LastUpgradeCheck = 1110;
				ORGANIZATIONNAME = Yadea;
				TargetAttributes = {
					5237270D236ABA5000C8928D = {
						CreatedOnToolsVersion = 11.1;
					};
				};
			};
			buildConfigurationList = 52372709236ABA5000C8928D /* Build configuration list for PBXProject "RadiusShadowDemo" */;
			compatibilityVersion = "Xcode 9.3";
			developmentRegion = en;
			hasScannedForEncodings = 0;
			knownRegions = (
				en,
				Base,
			);
			mainGroup = 52372705236ABA5000C8928D;
			productRefGroup = 5237270F236ABA5000C8928D /* Products */;
			projectDirPath = "";
			projectRoot = "";
			targets = (
				5237270D236ABA5000C8928D /* RadiusShadowDemo */,
			);
		};
/* End PBXProject section */

/* Begin PBXResourcesBuildPhase section */
		5237270C236ABA5000C8928D /* Resources */ = {
			isa = PBXResourcesBuildPhase;
			buildActionMask = 2147483647;
			files = (
				52372721236ABA5200C8928D /* LaunchScreen.storyboard in Resources */,
				5237271E236ABA5200C8928D /* Assets.xcassets in Resources */,
				5237271C236ABA5000C8928D /* Main.storyboard in Resources */,
			);
			runOnlyForDeploymentPostprocessing = 0;
		};
/* End PBXResourcesBuildPhase section */

/* Begin PBXSourcesBuildPhase section */
		5237270A236ABA5000C8928D /* Sources */ = {
			isa = PBXSourcesBuildPhase;
			buildActionMask = 2147483647;
			files = (
				52372719236ABA5000C8928D /* ViewController.m in Sources */,
				52372713236ABA5000C8928D /* AppDelegate.m in Sources */,
				52372724236ABA5200C8928D /* main.m in Sources */,
				52372716236ABA5000C8928D /* SceneDelegate.m in Sources */,
			);
			runOnlyForDeploymentPostprocessing = 0;
		};
/* End PBXSourcesBuildPhase section */

/* Begin PBXVariantGroup section */
		5237271A236ABA5000C8928D /* Main.storyboard */ = {
			isa = PBXVariantGroup;
			children = (
				5237271B236ABA5000C8928D /* Base */,
			);
			name = Main.storyboard;
			sourceTree = "<group>";
		};
		5237271F236ABA5200C8928D /* LaunchScreen.storyboard */ = {
			isa = PBXVariantGroup;
			children = (
				52372720236ABA5200C8928D /* Base */,
			);
			name = LaunchScreen.storyboard;
			sourceTree = "<group>";
		};
/* End PBXVariantGroup section */

/* Begin XCBuildConfiguration section */
		52372725236ABA5200C8928D /* Debug */ = {
			isa = XCBuildConfiguration;
			buildSettings = {
				ALWAYS_SEARCH_USER_PATHS = NO;
				CLANG_ANALYZER_NONNULL = YES;
				CLANG_ANALYZER_NUMBER_OBJECT_CONVERSION = YES_AGGRESSIVE;
				CLANG_CXX_LANGUAGE_STANDARD = "gnu++14";
				CLANG_CXX_LIBRARY = "libc++";
				CLANG_ENABLE_MODULES = YES;
				CLANG_ENABLE_OBJC_ARC = YES;
				CLANG_ENABLE_OBJC_WEAK = YES;
				CLANG_WARN_BLOCK_CAPTURE_AUTORELEASING = YES;
				CLANG_WARN_BOOL_CONVERSION = YES;
				CLANG_WARN_COMMA = YES;
				CLANG_WARN_CONSTANT_CONVERSION = YES;
				CLANG_WARN_DEPRECATED_OBJC_IMPLEMENTATIONS = YES;
				CLANG_WARN_DIRECT_OBJC_ISA_USAGE = YES_ERROR;
				CLANG_WARN_DOCUMENTATION_COMMENTS = YES;
				CLANG_WARN_EMPTY_BODY = YES;
				CLANG_WARN_ENUM_CONVERSION = YES;
				CLANG_WARN_INFINITE_RECURSION = YES;
				CLANG_WARN_INT_CONVERSION = YES;
				CLANG_WARN_NON_LITERAL_NULL_CONVERSION = YES;
				CLANG_WARN_OBJC_IMPLICIT_RETAIN_SELF = YES;
				CLANG_WARN_OBJC_LITERAL_CONVERSION = YES;
				CLANG_WARN_OBJC_ROOT_CLASS = YES_ERROR;
				CLANG_WARN_RANGE_LOOP_ANALYSIS = YES;
				CLANG_WARN_STRICT_PROTOTYPES = YES;
				CLANG_WARN_SUSPICIOUS_MOVE = YES;
				CLANG_WARN_UNGUARDED_AVAILABILITY = YES_AGGRESSIVE;
				CLANG_WARN_UNREACHABLE_CODE = YES;
				CLANG_WARN__DUPLICATE_METHOD_MATCH = YES;
				COPY_PHASE_STRIP = NO;
				DEBUG_INFORMATION_FORMAT = dwarf;
				ENABLE_STRICT_OBJC_MSGSEND = YES;
				ENABLE_TESTABILITY = YES;
				GCC_C_LANGUAGE_STANDARD = gnu11;
				GCC_DYNAMIC_NO_PIC = NO;
				GCC_NO_COMMON_BLOCKS = YES;
				GCC_OPTIMIZATION_LEVEL = 0;
				GCC_PREPROCESSOR_DEFINITIONS = (
					"DEBUG=1",
					"$(inherited)",
				);
				GCC_WARN_64_TO_32_BIT_CONVERSION = YES;
				GCC_WARN_ABOUT_RETURN_TYPE = YES_ERROR;
				GCC_WARN_UNDECLARED_SELECTOR = YES;
				GCC_WARN_UNINITIALIZED_AUTOS = YES_AGGRESSIVE;
				GCC_WARN_UNUSED_FUNCTION = YES;
				GCC_WARN_UNUSED_VARIABLE = YES;
				IPHONEOS_DEPLOYMENT_TARGET = 13.1;
				MTL_ENABLE_DEBUG_INFO = INCLUDE_SOURCE;
				MTL_FAST_MATH = YES;
				ONLY_ACTIVE_ARCH = YES;
				SDKROOT = iphoneos;
			};
			name = Debug;
		};
		52372726236ABA5200C8928D /* Release */ = {
			isa = XCBuildConfiguration;
			buildSettings = {
				ALWAYS_SEARCH_USER_PATHS = NO;
				CLANG_ANALYZER_NONNULL = YES;
				CLANG_ANALYZER_NUMBER_OBJECT_CONVERSION = YES_AGGRESSIVE;
				CLANG_CXX_LANGUAGE_STANDARD = "gnu++14";
				CLANG_CXX_LIBRARY = "libc++";
				CLANG_ENABLE_MODULES = YES;
				CLANG_ENABLE_OBJC_ARC = YES;
				CLANG_ENABLE_OBJC_WEAK = YES;
				CLANG_WARN_BLOCK_CAPTURE_AUTORELEASING = YES;
				CLANG_WARN_BOOL_CONVERSION = YES;
				CLANG_WARN_COMMA = YES;
				CLANG_WARN_CONSTANT_CONVERSION = YES;
				CLANG_WARN_DEPRECATED_OBJC_IMPLEMENTATIONS = YES;
				CLANG_WARN_DIRECT_OBJC_ISA_USAGE = YES_ERROR;
				CLANG_WARN_DOCUMENTATION_COMMENTS = YES;
				CLANG_WARN_EMPTY_BODY = YES;
				CLANG_WARN_ENUM_CONVERSION = YES;
				CLANG_WARN_INFINITE_RECURSION = YES;
				CLANG_WARN_INT_CONVERSION = YES;
				CLANG_WARN_NON_LITERAL_NULL_CONVERSION = YES;
				CLANG_WARN_OBJC_IMPLICIT_RETAIN_SELF = YES;
				CLANG_WARN_OBJC_LITERAL_CONVERSION = YES;
				CLANG_WARN_OBJC_ROOT_CLASS = YES_ERROR;
				CLANG_WARN_RANGE_LOOP_ANALYSIS = YES;
				CLANG_WARN_STRICT_PROTOTYPES = YES;
				CLANG_WARN_SUSPICIOUS_MOVE = YES;
				CLANG_WARN_UNGUARDED_AVAILABILITY = YES_AGGRESSIVE;
				CLANG_WARN_UNREACHABLE_CODE = YES;
				CLANG_WARN__DUPLICATE_METHOD_MATCH = YES;
				COPY_PHASE_STRIP = NO;
				DEBUG_INFORMATION_FORMAT = "dwarf-with-dsym";
				ENABLE_NS_ASSERTIONS = NO;
				ENABLE_STRICT_OBJC_MSGSEND = YES;
				GCC_C_LANGUAGE_STANDARD = gnu11;
				GCC_NO_COMMON_BLOCKS = YES;
				GCC_WARN_64_TO_32_BIT_CONVERSION = YES;
				GCC_WARN_ABOUT_RETURN_TYPE = YES_ERROR;
				GCC_WARN_UNDECLARED_SELECTOR = YES;
				GCC_WARN_UNINITIALIZED_AUTOS = YES_AGGRESSIVE;
				GCC_WARN_UNUSED_FUNCTION = YES;
				GCC_WARN_UNUSED_VARIABLE = YES;
				IPHONEOS_DEPLOYMENT_TARGET = 13.1;
				MTL_ENABLE_DEBUG_INFO = NO;
				MTL_FAST_MATH = YES;
				SDKROOT = iphoneos;
				VALIDATE_PRODUCT = YES;
			};
			name = Release;
		};
		52372728236ABA5200C8928D /* Debug */ = {
			isa = XCBuildConfiguration;
			buildSettings = {
				ASSETCATALOG_COMPILER_APPICON_NAME = AppIcon;
				CODE_SIGN_STYLE = Automatic;
				INFOPLIST_FILE = RadiusShadowDemo/Info.plist;
				LD_RUNPATH_SEARCH_PATHS = (
					"$(inherited)",
					"@executable_path/Frameworks",
				);
				PRODUCT_BUNDLE_IDENTIFIER = Yadea.RadiusShadowDemo;
				PRODUCT_NAME = "$(TARGET_NAME)";
				TARGETED_DEVICE_FAMILY = "1,2";
			};
			name = Debug;
		};
		52372729236ABA5200C8928D /* Release */ = {
			isa = XCBuildConfiguration;
			buildSettings = {
				ASSETCATALOG_COMPILER_APPICON_NAME = AppIcon;
				CODE_SIGN_STYLE = Automatic;
				INFOPLIST_FILE = RadiusShadowDemo/Info.plist;
				LD_RUNPATH_SEARCH_PATHS = (
					"$(inherited)",
					"@executable_path/Frameworks",
				);
				PRODUCT_BUNDLE_IDENTIFIER = Yadea.RadiusShadowDemo;
				PRODUCT_NAME = "$(TARGET_NAME)";
				TARGETED_DEVICE_FAMILY = "1,2";
			};
			name = Release;
		};
/* End XCBuildConfiguration section */

/* Begin XCConfigurationList section */
		52372709236ABA5000C8928D /* Build configuration list for PBXProject "RadiusShadowDemo" */ = {
			isa = XCConfigurationList;
			buildConfigurations = (
				52372725236ABA5200C8928D /* Debug */,
				52372726236ABA5200C8928D /* Release */,
			);
			defaultConfigurationIsVisible = 0;
			defaultConfigurationName = Release;
		};
		52372727236ABA5200C8928D /* Build configuration list for PBXNativeTarget "RadiusShadowDemo" */ = {
			isa = XCConfigurationList;
			buildConfigurations = (
				52372728236ABA5200C8928D /* Debug */,
				52372729236ABA5200C8928D /* Release */,
			);
			defaultConfigurationIsVisible = 0;
			defaultConfigurationName = Release;
		};
/* End XCConfigurationList section */
	};
	rootObject = 52372706236ABA5000C8928D /* Project object */;
}
